
Microsoft Visual Studio Solution File, Format Version 12.00
# Visual Studio Version 16
VisualStudioVersion = 16.0.31402.337
MinimumVisualStudioVersion = 10.0.40219.1
Project("{2150E333-8FDC-42A3-9474-1A3956D46DE8}") = "Build Pipelines", "Build Pipelines", "{F1838DAE-7B7B-455A-B720-CB7D27F8641D}"
EndProject
Project("{9A19103F-16F7-4668-BE54-9A1E7A4F7556}") = "MandalayClient", "MandalayClient\MandalayClient.csproj", "{0F7803E6-8261-408C-BFEA-65E3E294C93A}"
EndProject
Project("{9A19103F-16F7-4668-BE54-9A1E7A4F7556}") = "MandalayJdeIntegrationCore", "MandalayJdeIntegrationCore\MandalayJdeIntegrationCore.csproj", "{192AABE6-5EEB-4A66-9E36-E0FFD66C05A0}"
EndProject
Project("{FAE04EC0-301F-11D3-BF4B-00C04F79EFBC}") = "MandalayJdeIntegration", "MandalayJdeIntegration\MandalayJdeIntegration.csproj", "{6098D212-2144-4D6E-944E-82EA7AFEBD1D}"
EndProject
Global
	GlobalSection(SolutionConfigurationPlatforms) = preSolution
		Debug|Any CPU = Debug|Any CPU
		Release|Any CPU = Release|Any CPU
	EndGlobalSection
	GlobalSection(ProjectConfigurationPlatforms) = postSolution
		{0F7803E6-8261-408C-BFEA-65E3E294C93A}.Debug|Any CPU.ActiveCfg = Debug|Any CPU
		{0F7803E6-8261-408C-BFEA-65E3E294C93A}.Debug|Any CPU.Build.0 = Debug|Any CPU
		{0F7803E6-8261-408C-BFEA-65E3E294C93A}.Release|Any CPU.ActiveCfg = Release|Any CPU
		{0F7803E6-8261-408C-BFEA-65E3E294C93A}.Release|Any CPU.Build.0 = Release|Any CPU
		{192AABE6-5EEB-4A66-9E36-E0FFD66C05A0}.Debug|Any CPU.ActiveCfg = Debug|Any CPU
		{192AABE6-5EEB-4A66-9E36-E0FFD66C05A0}.Debug|Any CPU.Build.0 = Debug|Any CPU
		{192AABE6-5EEB-4A66-9E36-E0FFD66C05A0}.Release|Any CPU.ActiveCfg = Release|Any CPU
		{192AABE6-5EEB-4A66-9E36-E0FFD66C05A0}.Release|Any CPU.Build.0 = Release|Any CPU
		{6098D212-2144-4D6E-944E-82EA7AFEBD1D}.Debug|Any CPU.ActiveCfg = Debug|Any CPU
		{6098D212-2144-4D6E-944E-82EA7AFEBD1D}.Debug|Any CPU.Build.0 = Debug|Any CPU
		{6098D212-2144-4D6E-944E-82EA7AFEBD1D}.Release|Any CPU.ActiveCfg = Release|Any CPU
		{6098D212-2144-4D6E-944E-82EA7AFEBD1D}.Release|Any CPU.Build.0 = Release|Any CPU
	EndGlobalSection
	GlobalSection(SolutionProperties) = preSolution
		HideSolutionNode = FALSE
	EndGlobalSection
	GlobalSection(ExtensibilityGlobals) = postSolution
		SolutionGuid = {0E3E867D-A703-4344-B8A7-DD1EF868785D}
	EndGlobalSection
EndGlobal
